// !$*UTF8*$!
{
	archiveVersion = 1;
	classes = {
	};
	objectVersion = 50;
	objects = {

/* Begin PBXBuildFile section */
		4C35474424E18C7F00FAA83D /* Tests_iOS.swift in Sources */ = {isa = PBXBuildFile; fileRef = 4C35474324E18C7F00FAA83D /* Tests_iOS.swift */; };
		4C35474F24E18C7F00FAA83D /* Tests_macOS.swift in Sources */ = {isa = PBXBuildFile; fileRef = 4C35474E24E18C7F00FAA83D /* Tests_macOS.swift */; };
		4C35475124E18C7F00FAA83D /* awesomeuiApp.swift in Sources */ = {isa = PBXBuildFile; fileRef = 4C35472824E18C7E00FAA83D /* awesomeuiApp.swift */; };
		4C35475224E18C7F00FAA83D /* awesomeuiApp.swift in Sources */ = {isa = PBXBuildFile; fileRef = 4C35472824E18C7E00FAA83D /* awesomeuiApp.swift */; };
		4C35475324E18C7F00FAA83D /* ContentView.swift in Sources */ = {isa = PBXBuildFile; fileRef = 4C35472924E18C7E00FAA83D /* ContentView.swift */; };
		4C35475424E18C7F00FAA83D /* ContentView.swift in Sources */ = {isa = PBXBuildFile; fileRef = 4C35472924E18C7E00FAA83D /* ContentView.swift */; };
		4C35475524E18C7F00FAA83D /* Assets.xcassets in Resources */ = {isa = PBXBuildFile; fileRef = 4C35472A24E18C7F00FAA83D /* Assets.xcassets */; };
		4C35475624E18C7F00FAA83D /* Assets.xcassets in Resources */ = {isa = PBXBuildFile; fileRef = 4C35472A24E18C7F00FAA83D /* Assets.xcassets */; };
		4C35476624E18D5B00FAA83D /* MenuListView.swift in Sources */ = {isa = PBXBuildFile; fileRef = 4C35476524E18D5B00FAA83D /* MenuListView.swift */; };
		4C35476724E18D5B00FAA83D /* MenuListView.swift in Sources */ = {isa = PBXBuildFile; fileRef = 4C35476524E18D5B00FAA83D /* MenuListView.swift */; };
		4C35476924E18DFB00FAA83D /* DetailView.swift in Sources */ = {isa = PBXBuildFile; fileRef = 4C35476824E18DFB00FAA83D /* DetailView.swift */; };
		4C35476A24E18DFB00FAA83D /* DetailView.swift in Sources */ = {isa = PBXBuildFile; fileRef = 4C35476824E18DFB00FAA83D /* DetailView.swift */; };
/* End PBXBuildFile section */

/* Begin PBXContainerItemProxy section */
		4C35474024E18C7F00FAA83D /* PBXContainerItemProxy */ = {
			isa = PBXContainerItemProxy;
			containerPortal = 4C35472324E18C7E00FAA83D /* Project object */;
			proxyType = 1;
			remoteGlobalIDString = 4C35472E24E18C7F00FAA83D;
			remoteInfo = "awesomeui (iOS)";
		};
		4C35474B24E18C7F00FAA83D /* PBXContainerItemProxy */ = {
			isa = PBXContainerItemProxy;
			containerPortal = 4C35472324E18C7E00FAA83D /* Project object */;
			proxyType = 1;
			remoteGlobalIDString = 4C35473624E18C7F00FAA83D;
			remoteInfo = "awesomeui (macOS)";
		};
/* End PBXContainerItemProxy section */

/* Begin PBXFileReference section */
		4C35472824E18C7E00FAA83D /* awesomeuiApp.swift */ = {isa = PBXFileReference; lastKnownFileType = sourcecode.swift; path = awesomeuiApp.swift; sourceTree = "<group>"; };
		4C35472924E18C7E00FAA83D /* ContentView.swift */ = {isa = PBXFileReference; lastKnownFileType = sourcecode.swift; path = ContentView.swift; sourceTree = "<group>"; };
		4C35472A24E18C7F00FAA83D /* Assets.xcassets */ = {isa = PBXFileReference; lastKnownFileType = folder.assetcatalog; path = Assets.xcassets; sourceTree = "<group>"; };
		4C35472F24E18C7F00FAA83D /* awesomeui.app */ = {isa = PBXFileReference; explicitFileType = wrapper.application; includeInIndex = 0; path = awesomeui.app; sourceTree = BUILT_PRODUCTS_DIR; };
		4C35473224E18C7F00FAA83D /* Info.plist */ = {isa = PBXFileReference; lastKnownFileType = text.plist.xml; path = Info.plist; sourceTree = "<group>"; };
		4C35473724E18C7F00FAA83D /* awesomeui.app */ = {isa = PBXFileReference; explicitFileType = wrapper.application; includeInIndex = 0; path = awesomeui.app; sourceTree = BUILT_PRODUCTS_DIR; };
		4C35473924E18C7F00FAA83D /* Info.plist */ = {isa = PBXFileReference; lastKnownFileType = text.plist.xml; path = Info.plist; sourceTree = "<group>"; };
		4C35473A24E18C7F00FAA83D /* macOS.entitlements */ = {isa = PBXFileReference; lastKnownFileType = text.plist.entitlements; path = macOS.entitlements; sourceTree = "<group>"; };
		4C35473F24E18C7F00FAA83D /* Tests iOS.xctest */ = {isa = PBXFileReference; explicitFileType = wrapper.cfbundle; includeInIndex = 0; path = "Tests iOS.xctest"; sourceTree = BUILT_PRODUCTS_DIR; };
		4C35474324E18C7F00FAA83D /* Tests_iOS.swift */ = {isa = PBXFileReference; lastKnownFileType = sourcecode.swift; path = Tests_iOS.swift; sourceTree = "<group>"; };
		4C35474524E18C7F00FAA83D /* Info.plist */ = {isa = PBXFileReference; lastKnownFileType = text.plist.xml; path = Info.plist; sourceTree = "<group>"; };
		4C35474A24E18C7F00FAA83D /* Tests macOS.xctest */ = {isa = PBXFileReference; explicitFileType = wrapper.cfbundle; includeInIndex = 0; path = "Tests macOS.xctest"; sourceTree = BUILT_PRODUCTS_DIR; };
		4C35474E24E18C7F00FAA83D /* Tests_macOS.swift */ = {isa = PBXFileReference; lastKnownFileType = sourcecode.swift; path = Tests_macOS.swift; sourceTree = "<group>"; };
		4C35475024E18C7F00FAA83D /* Info.plist */ = {isa = PBXFileReference; lastKnownFileType = text.plist.xml; path = Info.plist; sourceTree = "<group>"; };
		4C35476524E18D5B00FAA83D /* MenuListView.swift */ = {isa = PBXFileReference; lastKnownFileType = sourcecode.swift; path = MenuListView.swift; sourceTree = "<group>"; };
		4C35476824E18DFB00FAA83D /* DetailView.swift */ = {isa = PBXFileReference; lastKnownFileType = sourcecode.swift; path = DetailView.swift; sourceTree = "<group>"; };
/* End PBXFileReference section */

/* Begin PBXFrameworksBuildPhase section */
		4C35472C24E18C7F00FAA83D /* Frameworks */ = {
			isa = PBXFrameworksBuildPhase;
			buildActionMask = 2147483647;
			files = (
			);
			runOnlyForDeploymentPostprocessing = 0;
		};
		4C35473424E18C7F00FAA83D /* Frameworks */ = {
			isa = PBXFrameworksBuildPhase;
			buildActionMask = 2147483647;
			files = (
			);
			runOnlyForDeploymentPostprocessing = 0;
		};
		4C35473C24E18C7F00FAA83D /* Frameworks */ = {
			isa = PBXFrameworksBuildPhase;
			buildActionMask = 2147483647;
			files = (
			);
			runOnlyForDeploymentPostprocessing = 0;
		};
		4C35474724E18C7F00FAA83D /* Frameworks */ = {
			isa = PBXFrameworksBuildPhase;
			buildActionMask = 2147483647;
			files = (
			);
			runOnlyForDeploymentPostprocessing = 0;
		};
/* End PBXFrameworksBuildPhase section */

/* Begin PBXGroup section */
		4C35472224E18C7E00FAA83D = {
			isa = PBXGroup;
			children = (
				4C35472724E18C7E00FAA83D /* Shared */,
				4C35473124E18C7F00FAA83D /* iOS */,
				4C35473824E18C7F00FAA83D /* macOS */,
				4C35474224E18C7F00FAA83D /* Tests iOS */,
				4C35474D24E18C7F00FAA83D /* Tests macOS */,
				4C35473024E18C7F00FAA83D /* Products */,
			);
			sourceTree = "<group>";
		};
		4C35472724E18C7E00FAA83D /* Shared */ = {
			isa = PBXGroup;
			children = (
				4C35472824E18C7E00FAA83D /* awesomeuiApp.swift */,
				4C35472924E18C7E00FAA83D /* ContentView.swift */,
				4C35472A24E18C7F00FAA83D /* Assets.xcassets */,
				4C35476524E18D5B00FAA83D /* MenuListView.swift */,
				4C35476824E18DFB00FAA83D /* DetailView.swift */,
			);
			path = Shared;
			sourceTree = "<group>";
		};
		4C35473024E18C7F00FAA83D /* Products */ = {
			isa = PBXGroup;
			children = (
				4C35472F24E18C7F00FAA83D /* awesomeui.app */,
				4C35473724E18C7F00FAA83D /* awesomeui.app */,
				4C35473F24E18C7F00FAA83D /* Tests iOS.xctest */,
				4C35474A24E18C7F00FAA83D /* Tests macOS.xctest */,
			);
			name = Products;
			sourceTree = "<group>";
		};
		4C35473124E18C7F00FAA83D /* iOS */ = {
			isa = PBXGroup;
			children = (
				4C35473224E18C7F00FAA83D /* Info.plist */,
			);
			path = iOS;
			sourceTree = "<group>";
		};
		4C35473824E18C7F00FAA83D /* macOS */ = {
			isa = PBXGroup;
			children = (
				4C35473924E18C7F00FAA83D /* Info.plist */,
				4C35473A24E18C7F00FAA83D /* macOS.entitlements */,
			);
			path = macOS;
			sourceTree = "<group>";
		};
		4C35474224E18C7F00FAA83D /* Tests iOS */ = {
			isa = PBXGroup;
			children = (
				4C35474324E18C7F00FAA83D /* Tests_iOS.swift */,
				4C35474524E18C7F00FAA83D /* Info.plist */,
			);
			path = "Tests iOS";
			sourceTree = "<group>";
		};
		4C35474D24E18C7F00FAA83D /* Tests macOS */ = {
			isa = PBXGroup;
			children = (
				4C35474E24E18C7F00FAA83D /* Tests_macOS.swift */,
				4C35475024E18C7F00FAA83D /* Info.plist */,
			);
			path = "Tests macOS";
			sourceTree = "<group>";
		};
/* End PBXGroup section */

/* Begin PBXNativeTarget section */
		4C35472E24E18C7F00FAA83D /* awesomeui (iOS) */ = {
			isa = PBXNativeTarget;
			buildConfigurationList = 4C35475924E18C7F00FAA83D /* Build configuration list for PBXNativeTarget "awesomeui (iOS)" */;
			buildPhases = (
				4C35472B24E18C7F00FAA83D /* Sources */,
				4C35472C24E18C7F00FAA83D /* Frameworks */,
				4C35472D24E18C7F00FAA83D /* Resources */,
			);
			buildRules = (
			);
			dependencies = (
			);
			name = "awesomeui (iOS)";
			productName = "awesomeui (iOS)";
			productReference = 4C35472F24E18C7F00FAA83D /* awesomeui.app */;
			productType = "com.apple.product-type.application";
		};
		4C35473624E18C7F00FAA83D /* awesomeui (macOS) */ = {
			isa = PBXNativeTarget;
			buildConfigurationList = 4C35475C24E18C7F00FAA83D /* Build configuration list for PBXNativeTarget "awesomeui (macOS)" */;
			buildPhases = (
				4C35473324E18C7F00FAA83D /* Sources */,
				4C35473424E18C7F00FAA83D /* Frameworks */,
				4C35473524E18C7F00FAA83D /* Resources */,
			);
			buildRules = (
			);
			dependencies = (
			);
			name = "awesomeui (macOS)";
			productName = "awesomeui (macOS)";
			productReference = 4C35473724E18C7F00FAA83D /* awesomeui.app */;
			productType = "com.apple.product-type.application";
		};
		4C35473E24E18C7F00FAA83D /* Tests iOS */ = {
			isa = PBXNativeTarget;
			buildConfigurationList = 4C35475F24E18C7F00FAA83D /* Build configuration list for PBXNativeTarget "Tests iOS" */;
			buildPhases = (
				4C35473B24E18C7F00FAA83D /* Sources */,
				4C35473C24E18C7F00FAA83D /* Frameworks */,
				4C35473D24E18C7F00FAA83D /* Resources */,
			);
			buildRules = (
			);
			dependencies = (
				4C35474124E18C7F00FAA83D /* PBXTargetDependency */,
			);
			name = "Tests iOS";
			productName = "Tests iOS";
			productReference = 4C35473F24E18C7F00FAA83D /* Tests iOS.xctest */;
			productType = "com.apple.product-type.bundle.ui-testing";
		};
		4C35474924E18C7F00FAA83D /* Tests macOS */ = {
			isa = PBXNativeTarget;
			buildConfigurationList = 4C35476224E18C7F00FAA83D /* Build configuration list for PBXNativeTarget "Tests macOS" */;
			buildPhases = (
				4C35474624E18C7F00FAA83D /* Sources */,
				4C35474724E18C7F00FAA83D /* Frameworks */,
				4C35474824E18C7F00FAA83D /* Resources */,
			);
			buildRules = (
			);
			dependencies = (
				4C35474C24E18C7F00FAA83D /* PBXTargetDependency */,
			);
			name = "Tests macOS";
			productName = "Tests macOS";
			productReference = 4C35474A24E18C7F00FAA83D /* Tests macOS.xctest */;
			productType = "com.apple.product-type.bundle.ui-testing";
		};
/* End PBXNativeTarget section */

/* Begin PBXProject section */
		4C35472324E18C7E00FAA83D /* Project object */ = {
			isa = PBXProject;
			attributes = {
				LastSwiftUpdateCheck = 1200;
				LastUpgradeCheck = 1200;
				TargetAttributes = {
					4C35472E24E18C7F00FAA83D = {
						CreatedOnToolsVersion = 12.0;
					};
					4C35473624E18C7F00FAA83D = {
						CreatedOnToolsVersion = 12.0;
					};
					4C35473E24E18C7F00FAA83D = {
						CreatedOnToolsVersion = 12.0;
						TestTargetID = 4C35472E24E18C7F00FAA83D;
					};
					4C35474924E18C7F00FAA83D = {
						CreatedOnToolsVersion = 12.0;
						TestTargetID = 4C35473624E18C7F00FAA83D;
					};
				};
			};
			buildConfigurationList = 4C35472624E18C7E00FAA83D /* Build configuration list for PBXProject "awesomeui" */;
			compatibilityVersion = "Xcode 9.3";
			developmentRegion = en;
			hasScannedForEncodings = 0;
			knownRegions = (
				en,
				Base,
			);
			mainGroup = 4C35472224E18C7E00FAA83D;
			productRefGroup = 4C35473024E18C7F00FAA83D /* Products */;
			projectDirPath = "";
			projectRoot = "";
			targets = (
				4C35472E24E18C7F00FAA83D /* awesomeui (iOS) */,
				4C35473624E18C7F00FAA83D /* awesomeui (macOS) */,
				4C35473E24E18C7F00FAA83D /* Tests iOS */,
				4C35474924E18C7F00FAA83D /* Tests macOS */,
			);
		};
/* End PBXProject section */

/* Begin PBXResourcesBuildPhase section */
		4C35472D24E18C7F00FAA83D /* Resources */ = {
			isa = PBXResourcesBuildPhase;
			buildActionMask = 2147483647;
			files = (
				4C35475524E18C7F00FAA83D /* Assets.xcassets in Resources */,
			);
			runOnlyForDeploymentPostprocessing = 0;
		};
		4C35473524E18C7F00FAA83D /* Resources */ = {
			isa = PBXResourcesBuildPhase;
			buildActionMask = 2147483647;
			files = (
				4C35475624E18C7F00FAA83D /* Assets.xcassets in Resources */,
			);
			runOnlyForDeploymentPostprocessing = 0;
		};
		4C35473D24E18C7F00FAA83D /* Resources */ = {
			isa = PBXResourcesBuildPhase;
			buildActionMask = 2147483647;
			files = (
			);
			runOnlyForDeploymentPostprocessing = 0;
		};
		4C35474824E18C7F00FAA83D /* Resources */ = {
			isa = PBXResourcesBuildPhase;
			buildActionMask = 2147483647;
			files = (
			);
			runOnlyForDeploymentPostprocessing = 0;
		};
/* End PBXResourcesBuildPhase section */

/* Begin PBXSourcesBuildPhase section */
		4C35472B24E18C7F00FAA83D /* Sources */ = {
			isa = PBXSourcesBuildPhase;
			buildActionMask = 2147483647;
			files = (
				4C35476624E18D5B00FAA83D /* MenuListView.swift in Sources */,
				4C35476924E18DFB00FAA83D /* DetailView.swift in Sources */,
				4C35475324E18C7F00FAA83D /* ContentView.swift in Sources */,
				4C35475124E18C7F00FAA83D /* awesomeuiApp.swift in Sources */,
			);
			runOnlyForDeploymentPostprocessing = 0;
		};
		4C35473324E18C7F00FAA83D /* Sources */ = {
			isa = PBXSourcesBuildPhase;
			buildActionMask = 2147483647;
			files = (
				4C35476724E18D5B00FAA83D /* MenuListView.swift in Sources */,
				4C35476A24E18DFB00FAA83D /* DetailView.swift in Sources */,
				4C35475424E18C7F00FAA83D /* ContentView.swift in Sources */,
				4C35475224E18C7F00FAA83D /* awesomeuiApp.swift in Sources */,
			);
			runOnlyForDeploymentPostprocessing = 0;
		};
		4C35473B24E18C7F00FAA83D /* Sources */ = {
			isa = PBXSourcesBuildPhase;
			buildActionMask = 2147483647;
			files = (
				4C35474424E18C7F00FAA83D /* Tests_iOS.swift in Sources */,
			);
			runOnlyForDeploymentPostprocessing = 0;
		};
		4C35474624E18C7F00FAA83D /* Sources */ = {
			isa = PBXSourcesBuildPhase;
			buildActionMask = 2147483647;
			files = (
				4C35474F24E18C7F00FAA83D /* Tests_macOS.swift in Sources */,
			);
			runOnlyForDeploymentPostprocessing = 0;
		};
/* End PBXSourcesBuildPhase section */

/* Begin PBXTargetDependency section */
		4C35474124E18C7F00FAA83D /* PBXTargetDependency */ = {
			isa = PBXTargetDependency;
			target = 4C35472E24E18C7F00FAA83D /* awesomeui (iOS) */;
			targetProxy = 4C35474024E18C7F00FAA83D /* PBXContainerItemProxy */;
		};
		4C35474C24E18C7F00FAA83D /* PBXTargetDependency */ = {
			isa = PBXTargetDependency;
			target = 4C35473624E18C7F00FAA83D /* awesomeui (macOS) */;
			targetProxy = 4C35474B24E18C7F00FAA83D /* PBXContainerItemProxy */;
		};
/* End PBXTargetDependency section */

/* Begin XCBuildConfiguration section */
		4C35475724E18C7F00FAA83D /* Debug */ = {
			isa = XCBuildConfiguration;
			buildSettings = {
				ALWAYS_SEARCH_USER_PATHS = NO;
				CLANG_ANALYZER_NONNULL = YES;
				CLANG_ANALYZER_NUMBER_OBJECT_CONVERSION = YES_AGGRESSIVE;
				CLANG_CXX_LANGUAGE_STANDARD = "gnu++14";
				CLANG_CXX_LIBRARY = "libc++";
				CLANG_ENABLE_MODULES = YES;
				CLANG_ENABLE_OBJC_ARC = YES;
				CLANG_ENABLE_OBJC_WEAK = YES;
				CLANG_WARN_BLOCK_CAPTURE_AUTORELEASING = YES;
				CLANG_WARN_BOOL_CONVERSION = YES;
				CLANG_WARN_COMMA = YES;
				CLANG_WARN_CONSTANT_CONVERSION = YES;
				CLANG_WARN_DEPRECATED_OBJC_IMPLEMENTATIONS = YES;
				CLANG_WARN_DIRECT_OBJC_ISA_USAGE = YES_ERROR;
				CLANG_WARN_DOCUMENTATION_COMMENTS = YES;
				CLANG_WARN_EMPTY_BODY = YES;
				CLANG_WARN_ENUM_CONVERSION = YES;
				CLANG_WARN_INFINITE_RECURSION = YES;
				CLANG_WARN_INT_CONVERSION = YES;
				CLANG_WARN_NON_LITERAL_NULL_CONVERSION = YES;
				CLANG_WARN_OBJC_IMPLICIT_RETAIN_SELF = YES;
				CLANG_WARN_OBJC_LITERAL_CONVERSION = YES;
				CLANG_WARN_OBJC_ROOT_CLASS = YES_ERROR;
				CLANG_WARN_QUOTED_INCLUDE_IN_FRAMEWORK_HEADER = YES;
				CLANG_WARN_RANGE_LOOP_ANALYSIS = YES;
				CLANG_WARN_STRICT_PROTOTYPES = YES;
				CLANG_WARN_SUSPICIOUS_MOVE = YES;
				CLANG_WARN_UNGUARDED_AVAILABILITY = YES_AGGRESSIVE;
				CLANG_WARN_UNREACHABLE_CODE = YES;
				CLANG_WARN__DUPLICATE_METHOD_MATCH = YES;
				COPY_PHASE_STRIP = NO;
				DEBUG_INFORMATION_FORMAT = dwarf;
				ENABLE_STRICT_OBJC_MSGSEND = YES;
				ENABLE_TESTABILITY = YES;
				GCC_C_LANGUAGE_STANDARD = gnu11;
				GCC_DYNAMIC_NO_PIC = NO;
				GCC_NO_COMMON_BLOCKS = YES;
				GCC_OPTIMIZATION_LEVEL = 0;
				GCC_PREPROCESSOR_DEFINITIONS = (
					"DEBUG=1",
					"$(inherited)",
				);
				GCC_WARN_64_TO_32_BIT_CONVERSION = YES;
				GCC_WARN_ABOUT_RETURN_TYPE = YES_ERROR;
				GCC_WARN_UNDECLARED_SELECTOR = YES;
				GCC_WARN_UNINITIALIZED_AUTOS = YES_AGGRESSIVE;
				GCC_WARN_UNUSED_FUNCTION = YES;
				GCC_WARN_UNUSED_VARIABLE = YES;
				MTL_ENABLE_DEBUG_INFO = INCLUDE_SOURCE;
				MTL_FAST_MATH = YES;
				ONLY_ACTIVE_ARCH = YES;
				SWIFT_ACTIVE_COMPILATION_CONDITIONS = DEBUG;
				SWIFT_OPTIMIZATION_LEVEL = "-Onone";
			};
			name = Debug;
		};
		4C35475824E18C7F00FAA83D /* Release */ = {
			isa = XCBuildConfiguration;
			buildSettings = {
				ALWAYS_SEARCH_USER_PATHS = NO;
				CLANG_ANALYZER_NONNULL = YES;
				CLANG_ANALYZER_NUMBER_OBJECT_CONVERSION = YES_AGGRESSIVE;
				CLANG_CXX_LANGUAGE_STANDARD = "gnu++14";
				CLANG_CXX_LIBRARY = "libc++";
				CLANG_ENABLE_MODULES = YES;
				CLANG_ENABLE_OBJC_ARC = YES;
				CLANG_ENABLE_OBJC_WEAK = YES;
				CLANG_WARN_BLOCK_CAPTURE_AUTORELEASING = YES;
				CLANG_WARN_BOOL_CONVERSION = YES;
				CLANG_WARN_COMMA = YES;
				CLANG_WARN_CONSTANT_CONVERSION = YES;
				CLANG_WARN_DEPRECATED_OBJC_IMPLEMENTATIONS = YES;
				CLANG_WARN_DIRECT_OBJC_ISA_USAGE = YES_ERROR;
				CLANG_WARN_DOCUMENTATION_COMMENTS = YES;
				CLANG_WARN_EMPTY_BODY = YES;
				CLANG_WARN_ENUM_CONVERSION = YES;
				CLANG_WARN_INFINITE_RECURSION = YES;
				CLANG_WARN_INT_CONVERSION = YES;
				CLANG_WARN_NON_LITERAL_NULL_CONVERSION = YES;
				CLANG_WARN_OBJC_IMPLICIT_RETAIN_SELF = YES;
				CLANG_WARN_OBJC_LITERAL_CONVERSION = YES;
				CLANG_WARN_OBJC_ROOT_CLASS = YES_ERROR;
				CLANG_WARN_QUOTED_INCLUDE_IN_FRAMEWORK_HEADER = YES;
				CLANG_WARN_RANGE_LOOP_ANALYSIS = YES;
				CLANG_WARN_STRICT_PROTOTYPES = YES;
				CLANG_WARN_SUSPICIOUS_MOVE = YES;
				CLANG_WARN_UNGUARDED_AVAILABILITY = YES_AGGRESSIVE;
				CLANG_WARN_UNREACHABLE_CODE = YES;
				CLANG_WARN__DUPLICATE_METHOD_MATCH = YES;
				COPY_PHASE_STRIP = NO;
				DEBUG_INFORMATION_FORMAT = "dwarf-with-dsym";
				ENABLE_NS_ASSERTIONS = NO;
				ENABLE_STRICT_OBJC_MSGSEND = YES;
				GCC_C_LANGUAGE_STANDARD = gnu11;
				GCC_NO_COMMON_BLOCKS = YES;
				GCC_WARN_64_TO_32_BIT_CONVERSION = YES;
				GCC_WARN_ABOUT_RETURN_TYPE = YES_ERROR;
				GCC_WARN_UNDECLARED_SELECTOR = YES;
				GCC_WARN_UNINITIALIZED_AUTOS = YES_AGGRESSIVE;
				GCC_WARN_UNUSED_FUNCTION = YES;
				GCC_WARN_UNUSED_VARIABLE = YES;
				MTL_ENABLE_DEBUG_INFO = NO;
				MTL_FAST_MATH = YES;
				SWIFT_COMPILATION_MODE = wholemodule;
				SWIFT_OPTIMIZATION_LEVEL = "-O";
			};
			name = Release;
		};
		4C35475A24E18C7F00FAA83D /* Debug */ = {
			isa = XCBuildConfiguration;
			buildSettings = {
				ASSETCATALOG_COMPILER_APPICON_NAME = AppIcon;
				ASSETCATALOG_COMPILER_GLOBAL_ACCENT_COLOR_NAME = AccentColor;
				CODE_SIGN_STYLE = Automatic;
				ENABLE_PREVIEWS = YES;
				INFOPLIST_FILE = iOS/Info.plist;
				IPHONEOS_DEPLOYMENT_TARGET = 14.0;
				LD_RUNPATH_SEARCH_PATHS = (
					"$(inherited)",
					"@executable_path/Frameworks",
				);
				PRODUCT_BUNDLE_IDENTIFIER = com.wangjiawei.awesomeui;
				PRODUCT_NAME = awesomeui;
				SDKROOT = iphoneos;
				SWIFT_VERSION = 5.0;
				TARGETED_DEVICE_FAMILY = "1,2";
			};
			name = Debug;
		};
		4C35475B24E18C7F00FAA83D /* Release */ = {
			isa = XCBuildConfiguration;
			buildSettings = {
				ASSETCATALOG_COMPILER_APPICON_NAME = AppIcon;
				ASSETCATALOG_COMPILER_GLOBAL_ACCENT_COLOR_NAME = AccentColor;
				CODE_SIGN_STYLE = Automatic;
				ENABLE_PREVIEWS = YES;
				INFOPLIST_FILE = iOS/Info.plist;
				IPHONEOS_DEPLOYMENT_TARGET = 14.0;
				LD_RUNPATH_SEARCH_PATHS = (
					"$(inherited)",
					"@executable_path/Frameworks",
				);
				PRODUCT_BUNDLE_IDENTIFIER = com.wangjiawei.awesomeui;
				PRODUCT_NAME = awesomeui;
				SDKROOT = iphoneos;
				SWIFT_VERSION = 5.0;
				TARGETED_DEVICE_FAMILY = "1,2";
				VALIDATE_PRODUCT = YES;
			};
			name = Release;
		};
		4C35475D24E18C7F00FAA83D /* Debug */ = {
			isa = XCBuildConfiguration;
			buildSettings = {
				ASSETCATALOG_COMPILER_APPICON_NAME = AppIcon;
				ASSETCATALOG_COMPILER_GLOBAL_ACCENT_COLOR_NAME = AccentColor;
				CODE_SIGN_ENTITLEMENTS = macOS/macOS.entitlements;
				CODE_SIGN_STYLE = Automatic;
				COMBINE_HIDPI_IMAGES = YES;
				ENABLE_PREVIEWS = YES;
				INFOPLIST_FILE = macOS/Info.plist;
				LD_RUNPATH_SEARCH_PATHS = (
					"$(inherited)",
					"@executable_path/../Frameworks",
				);
				MACOSX_DEPLOYMENT_TARGET = 11.0;
				PRODUCT_BUNDLE_IDENTIFIER = com.wangjiawei.awesomeui;
				PRODUCT_NAME = awesomeui;
				SDKROOT = macosx;
				SWIFT_VERSION = 5.0;
			};
			name = Debug;
		};
		4C35475E24E18C7F00FAA83D /* Release */ = {
			isa = XCBuildConfiguration;
			buildSettings = {
				ASSETCATALOG_COMPILER_APPICON_NAME = AppIcon;
				ASSETCATALOG_COMPILER_GLOBAL_ACCENT_COLOR_NAME = AccentColor;
				CODE_SIGN_ENTITLEMENTS = macOS/macOS.entitlements;
				CODE_SIGN_STYLE = Automatic;
				COMBINE_HIDPI_IMAGES = YES;
				ENABLE_PREVIEWS = YES;
				INFOPLIST_FILE = macOS/Info.plist;
				LD_RUNPATH_SEARCH_PATHS = (
					"$(inherited)",
					"@executable_path/../Frameworks",
				);
				MACOSX_DEPLOYMENT_TARGET = 11.0;
				PRODUCT_BUNDLE_IDENTIFIER = com.wangjiawei.awesomeui;
				PRODUCT_NAME = awesomeui;
				SDKROOT = macosx;
				SWIFT_VERSION = 5.0;
			};
			name = Release;
		};
		4C35476024E18C7F00FAA83D /* Debug */ = {
			isa = XCBuildConfiguration;
			buildSettings = {
				ALWAYS_EMBED_SWIFT_STANDARD_LIBRARIES = YES;
				CODE_SIGN_STYLE = Automatic;
				INFOPLIST_FILE = "Tests iOS/Info.plist";
				IPHONEOS_DEPLOYMENT_TARGET = 14.0;
				LD_RUNPATH_SEARCH_PATHS = (
					"$(inherited)",
					"@executable_path/Frameworks",
					"@loader_path/Frameworks",
				);
				PRODUCT_BUNDLE_IDENTIFIER = "com.wangjiawei.Tests-iOS";
				PRODUCT_NAME = "$(TARGET_NAME)";
				SDKROOT = iphoneos;
				SWIFT_VERSION = 5.0;
				TARGETED_DEVICE_FAMILY = "1,2";
				TEST_TARGET_NAME = "awesomeui (iOS)";
			};
			name = Debug;
		};
		4C35476124E18C7F00FAA83D /* Release */ = {
			isa = XCBuildConfiguration;
			buildSettings = {
				ALWAYS_EMBED_SWIFT_STANDARD_LIBRARIES = YES;
				CODE_SIGN_STYLE = Automatic;
				INFOPLIST_FILE = "Tests iOS/Info.plist";
				IPHONEOS_DEPLOYMENT_TARGET = 14.0;
				LD_RUNPATH_SEARCH_PATHS = (
					"$(inherited)",
					"@executable_path/Frameworks",
					"@loader_path/Frameworks",
				);
				PRODUCT_BUNDLE_IDENTIFIER = "com.wangjiawei.Tests-iOS";
				PRODUCT_NAME = "$(TARGET_NAME)";
				SDKROOT = iphoneos;
				SWIFT_VERSION = 5.0;
				TARGETED_DEVICE_FAMILY = "1,2";
				TEST_TARGET_NAME = "awesomeui (iOS)";
				VALIDATE_PRODUCT = YES;
			};
			name = Release;
		};
		4C35476324E18C7F00FAA83D /* Debug */ = {
			isa = XCBuildConfiguration;
			buildSettings = {
				ALWAYS_EMBED_SWIFT_STANDARD_LIBRARIES = YES;
				CODE_SIGN_STYLE = Automatic;
				COMBINE_HIDPI_IMAGES = YES;
				INFOPLIST_FILE = "Tests macOS/Info.plist";
				LD_RUNPATH_SEARCH_PATHS = (
					"$(inherited)",
					"@executable_path/../Frameworks",
					"@loader_path/../Frameworks",
				);
				MACOSX_DEPLOYMENT_TARGET = 11.0;
				PRODUCT_BUNDLE_IDENTIFIER = "com.wangjiawei.Tests-macOS";
				PRODUCT_NAME = "$(TARGET_NAME)";
				SDKROOT = macosx;
				SWIFT_VERSION = 5.0;
				TEST_TARGET_NAME = "awesomeui (macOS)";
			};
			name = Debug;
		};
		4C35476424E18C7F00FAA83D /* Release */ = {
			isa = XCBuildConfiguration;
			buildSettings = {
				ALWAYS_EMBED_SWIFT_STANDARD_LIBRARIES = YES;
				CODE_SIGN_STYLE = Automatic;
				COMBINE_HIDPI_IMAGES = YES;
				INFOPLIST_FILE = "Tests macOS/Info.plist";
				LD_RUNPATH_SEARCH_PATHS = (
					"$(inherited)",
					"@executable_path/../Frameworks",
					"@loader_path/../Frameworks",
				);
				MACOSX_DEPLOYMENT_TARGET = 11.0;
				PRODUCT_BUNDLE_IDENTIFIER = "com.wangjiawei.Tests-macOS";
				PRODUCT_NAME = "$(TARGET_NAME)";
				SDKROOT = macosx;
				SWIFT_VERSION = 5.0;
				TEST_TARGET_NAME = "awesomeui (macOS)";
			};
			name = Release;
		};
/* End XCBuildConfiguration section */

/* Begin XCConfigurationList section */
		4C35472624E18C7E00FAA83D /* Build configuration list for PBXProject "awesomeui" */ = {
			isa = XCConfigurationList;
			buildConfigurations = (
				4C35475724E18C7F00FAA83D /* Debug */,
				4C35475824E18C7F00FAA83D /* Release */,
			);
			defaultConfigurationIsVisible = 0;
			defaultConfigurationName = Release;
		};
		4C35475924E18C7F00FAA83D /* Build configuration list for PBXNativeTarget "awesomeui (iOS)" */ = {
			isa = XCConfigurationList;
			buildConfigurations = (
				4C35475A24E18C7F00FAA83D /* Debug */,
				4C35475B24E18C7F00FAA83D /* Release */,
			);
			defaultConfigurationIsVisible = 0;
			defaultConfigurationName = Release;
		};
		4C35475C24E18C7F00FAA83D /* Build configuration list for PBXNativeTarget "awesomeui (macOS)" */ = {
			isa = XCConfigurationList;
			buildConfigurations = (
				4C35475D24E18C7F00FAA83D /* Debug */,
				4C35475E24E18C7F00FAA83D /* Release */,
			);
			defaultConfigurationIsVisible = 0;
			defaultConfigurationName = Release;
		};
		4C35475F24E18C7F00FAA83D /* Build configuration list for PBXNativeTarget "Tests iOS" */ = {
			isa = XCConfigurationList;
			buildConfigurations = (
				4C35476024E18C7F00FAA83D /* Debug */,
				4C35476124E18C7F00FAA83D /* Release */,
			);
			defaultConfigurationIsVisible = 0;
			defaultConfigurationName = Release;
		};
		4C35476224E18C7F00FAA83D /* Build configuration list for PBXNativeTarget "Tests macOS" */ = {
			isa = XCConfigurationList;
			buildConfigurations = (
				4C35476324E18C7F00FAA83D /* Debug */,
				4C35476424E18C7F00FAA83D /* Release */,
			);
			defaultConfigurationIsVisible = 0;
			defaultConfigurationName = Release;
		};
/* End XCConfigurationList section */
	};
	rootObject = 4C35472324E18C7E00FAA83D /* Project object */;
}
